
Microsoft Visual Studio Solution File, Format Version 12.00
# Visual Studio Version 16
VisualStudioVersion = 16.0.31424.327
MinimumVisualStudioVersion = 10.0.40219.1
Project("{FAE04EC0-301F-11D3-BF4B-00C04F79EFBC}") = "ASP.NET MVC", "ASP.NET MVC\ASP.NET MVC.csproj", "{B9561914-F753-40C3-8445-8CFF119ADA56}"
EndProject
Project("{00D1A9C2-B5F0-4AF3-8072-F6C62B433612}") = "BIBLIO_Database", "BIBLIO_Database\BIBLIO_Database.sqlproj", "{347DA2D9-73E8-437A-B63A-B1AAA92BF3F5}"
EndProject
Global
	GlobalSection(SolutionConfigurationPlatforms) = preSolution
		Debug|Any CPU = Debug|Any CPU
		Release|Any CPU = Release|Any CPU
	EndGlobalSection
	GlobalSection(ProjectConfigurationPlatforms) = postSolution
		{B9561914-F753-40C3-8445-8CFF119ADA56}.Debug|Any CPU.ActiveCfg = Debug|Any CPU
		{B9561914-F753-40C3-8445-8CFF119ADA56}.Debug|Any CPU.Build.0 = Debug|Any CPU
		{B9561914-F753-40C3-8445-8CFF119ADA56}.Release|Any CPU.ActiveCfg = Release|Any CPU
		{B9561914-F753-40C3-8445-8CFF119ADA56}.Release|Any CPU.Build.0 = Release|Any CPU
		{347DA2D9-73E8-437A-B63A-B1AAA92BF3F5}.Debug|Any CPU.ActiveCfg = Debug|Any CPU
		{347DA2D9-73E8-437A-B63A-B1AAA92BF3F5}.Debug|Any CPU.Build.0 = Debug|Any CPU
		{347DA2D9-73E8-437A-B63A-B1AAA92BF3F5}.Debug|Any CPU.Deploy.0 = Debug|Any CPU
		{347DA2D9-73E8-437A-B63A-B1AAA92BF3F5}.Release|Any CPU.ActiveCfg = Release|Any CPU
		{347DA2D9-73E8-437A-B63A-B1AAA92BF3F5}.Release|Any CPU.Build.0 = Release|Any CPU
		{347DA2D9-73E8-437A-B63A-B1AAA92BF3F5}.Release|Any CPU.Deploy.0 = Release|Any CPU
	EndGlobalSection
	GlobalSection(SolutionProperties) = preSolution
		HideSolutionNode = FALSE
	EndGlobalSection
	GlobalSection(ExtensibilityGlobals) = postSolution
		SolutionGuid = {55AE6162-E16F-4FB0-99E8-2B8F30DF477A}
	EndGlobalSection
EndGlobal
